
Microsoft Visual Studio Solution File, Format Version 12.00
# Visual Studio 15
VisualStudioVersion = 15.0.28307.168
MinimumVisualStudioVersion = 10.0.40219.1
Project("{FAE04EC0-301F-11D3-BF4B-00C04F79EFBC}") = "react-netcore", "react-netcore\react-netcore.csproj", "{A0149960-7E49-4800-8BDC-9B8A354C7769}"
EndProject
Global
	GlobalSection(SolutionConfigurationPlatforms) = preSolution
		Debug|Any CPU = Debug|Any CPU
		Release|Any CPU = Release|Any CPU
	EndGlobalSection
	GlobalSection(ProjectConfigurationPlatforms) = postSolution
		{A0149960-7E49-4800-8BDC-9B8A354C7769}.Debug|Any CPU.ActiveCfg = Debug|Any CPU
		{A0149960-7E49-4800-8BDC-9B8A354C7769}.Debug|Any CPU.Build.0 = Debug|Any CPU
		{A0149960-7E49-4800-8BDC-9B8A354C7769}.Release|Any CPU.ActiveCfg = Release|Any CPU
		{A0149960-7E49-4800-8BDC-9B8A354C7769}.Release|Any CPU.Build.0 = Release|Any CPU
	EndGlobalSection
	GlobalSection(SolutionProperties) = preSolution
		HideSolutionNode = FALSE
	EndGlobalSection
	GlobalSection(ExtensibilityGlobals) = postSolution
		SolutionGuid = {AD1177ED-DA51-4B44-8142-445AB544C36E}
	EndGlobalSection
EndGlobal
